// !$*UTF8*$!
{
	archiveVersion = 1;
	classes = {
	};
	objectVersion = 50;
	objects = {

/* Begin PBXBuildFile section */
		91F3E2FF233B331B00840179 /* ImageTagModel.swift in Sources */ = {isa = PBXBuildFile; fileRef = 91F3E2BB233B331B00840179 /* ImageTagModel.swift */; };
		91F3E300233B331B00840179 /* LivePhotoNextTagListener.swift in Sources */ = {isa = PBXBuildFile; fileRef = 91F3E2BC233B331B00840179 /* LivePhotoNextTagListener.swift */; };
		91F3E301233B331B00840179 /* TOActivityCroppedImageProvider.m in Sources */ = {isa = PBXBuildFile; fileRef = 91F3E2BD233B331B00840179 /* TOActivityCroppedImageProvider.m */; };
		91F3E302233B331B00840179 /* ViewController.swift in Sources */ = {isa = PBXBuildFile; fileRef = 91F3E2BE233B331B00840179 /* ViewController.swift */; };
		91F3E303233B331B00840179 /* TOCropView.h in Headers */ = {isa = PBXBuildFile; fileRef = 91F3E2BF233B331B00840179 /* TOCropView.h */; settings = {ATTRIBUTES = (Public, ); }; };
		91F3E304233B331B00840179 /* Serializable.swift in Sources */ = {isa = PBXBuildFile; fileRef = 91F3E2C0233B331B00840179 /* Serializable.swift */; };
		91F3E305233B331B00840179 /* PhotosModel.swift in Sources */ = {isa = PBXBuildFile; fileRef = 91F3E2C1233B331B00840179 /* PhotosModel.swift */; };
		91F3E306233B331B00840179 /* SelectImageTagController.swift in Sources */ = {isa = PBXBuildFile; fileRef = 91F3E2C2233B331B00840179 /* SelectImageTagController.swift */; };
		91F3E307233B331B00840179 /* SelectImgCameraCollectionViewCell.swift in Sources */ = {isa = PBXBuildFile; fileRef = 91F3E2C3233B331B00840179 /* SelectImgCameraCollectionViewCell.swift */; };
		91F3E308233B331B00840179 /* CameraFacing.swift in Sources */ = {isa = PBXBuildFile; fileRef = 91F3E2C4233B331B00840179 /* CameraFacing.swift */; };
		91F3E309233B331B00840179 /* GetLocation.swift in Sources */ = {isa = PBXBuildFile; fileRef = 91F3E2C5233B331B00840179 /* GetLocation.swift */; };
		91F3E30A233B331B00840179 /* Configure.swift in Sources */ = {isa = PBXBuildFile; fileRef = 91F3E2C6233B331B00840179 /* Configure.swift */; };
		91F3E30B233B331B00840179 /* LivePhotosListener.swift in Sources */ = {isa = PBXBuildFile; fileRef = 91F3E2C7233B331B00840179 /* LivePhotosListener.swift */; };
		91F3E30C233B331B00840179 /* FileInfoCollection.swift in Sources */ = {isa = PBXBuildFile; fileRef = 91F3E2C8233B331B00840179 /* FileInfoCollection.swift */; };
		91F3E30D233B331B00840179 /* NeonImagesHandler.swift in Sources */ = {isa = PBXBuildFile; fileRef = 91F3E2C9233B331B00840179 /* NeonImagesHandler.swift */; };
		91F3E30E233B331B00840179 /* UIImage+CropRotate.m in Sources */ = {isa = PBXBuildFile; fileRef = 91F3E2CA233B331B00840179 /* UIImage+CropRotate.m */; };
		91F3E30F233B331B00840179 /* TOCropViewConstants.h in Headers */ = {isa = PBXBuildFile; fileRef = 91F3E2CB233B331B00840179 /* TOCropViewConstants.h */; settings = {ATTRIBUTES = (Public, ); }; };
		91F3E310233B331B00840179 /* OpalImagePickerRootViewController.swift in Sources */ = {isa = PBXBuildFile; fileRef = 91F3E2CC233B331B00840179 /* OpalImagePickerRootViewController.swift */; };
		91F3E311233B331B00840179 /* Bundle+Helper.swift in Sources */ = {isa = PBXBuildFile; fileRef = 91F3E2CD233B331B00840179 /* Bundle+Helper.swift */; };
		91F3E312233B331B00840179 /* TOCropViewControllerTransitioning.m in Sources */ = {isa = PBXBuildFile; fileRef = 91F3E2CE233B331B00840179 /* TOCropViewControllerTransitioning.m */; };
		91F3E313233B331B00840179 /* CropViewController.h in Headers */ = {isa = PBXBuildFile; fileRef = 91F3E2CF233B331B00840179 /* CropViewController.h */; settings = {ATTRIBUTES = (Public, ); }; };
		91F3E314233B331B00840179 /* NeonResponse.swift in Sources */ = {isa = PBXBuildFile; fileRef = 91F3E2D0233B331B00840179 /* NeonResponse.swift */; };
		91F3E315233B331B00840179 /* IParam.swift in Sources */ = {isa = PBXBuildFile; fileRef = 91F3E2D1233B331B00840179 /* IParam.swift */; };
		91F3E316233B331B00840179 /* INeutralParam.swift in Sources */ = {isa = PBXBuildFile; fileRef = 91F3E2D2233B331B00840179 /* INeutralParam.swift */; };
		91F3E317233B331B00840179 /* TOCropOverlayView.h in Headers */ = {isa = PBXBuildFile; fileRef = 91F3E2D3233B331B00840179 /* TOCropOverlayView.h */; settings = {ATTRIBUTES = (Public, ); }; };
		91F3E318233B331B00840179 /* TOCroppedImageAttributes.m in Sources */ = {isa = PBXBuildFile; fileRef = 91F3E2D4233B331B00840179 /* TOCroppedImageAttributes.m */; };
		91F3E319233B331B00840179 /* FlashMode.swift in Sources */ = {isa = PBXBuildFile; fileRef = 91F3E2D5233B331B00840179 /* FlashMode.swift */; };
		91F3E31A233B331B00840179 /* OpalImagePickerController.swift in Sources */ = {isa = PBXBuildFile; fileRef = 91F3E2D6233B331B00840179 /* OpalImagePickerController.swift */; };
		91F3E31B233B331B00840179 /* ICameraParam.swift in Sources */ = {isa = PBXBuildFile; fileRef = 91F3E2D7233B331B00840179 /* ICameraParam.swift */; };
		91F3E31C233B331B00840179 /* ResponseCode.swift in Sources */ = {isa = PBXBuildFile; fileRef = 91F3E2D8233B331B00840179 /* ResponseCode.swift */; };
		91F3E31D233B331B00840179 /* SaveImageInGallery.swift in Sources */ = {isa = PBXBuildFile; fileRef = 91F3E2D9233B331B00840179 /* SaveImageInGallery.swift */; };
		91F3E31E233B331B00840179 /* imgCollectionViewCell.swift in Sources */ = {isa = PBXBuildFile; fileRef = 91F3E2DA233B331B00840179 /* imgCollectionViewCell.swift */; };
		91F3E31F233B331B00840179 /* NeutralModel.swift in Sources */ = {isa = PBXBuildFile; fileRef = 91F3E2DB233B331B00840179 /* NeutralModel.swift */; };
		91F3E320233B331B00840179 /* TOCropToolbar.h in Headers */ = {isa = PBXBuildFile; fileRef = 91F3E2DC233B331B00840179 /* TOCropToolbar.h */; settings = {ATTRIBUTES = (Public, ); }; };
		91F3E321233B331B00840179 /* CustomParameters.swift in Sources */ = {isa = PBXBuildFile; fileRef = 91F3E2DD233B331B00840179 /* CustomParameters.swift */; };
		91F3E322233B331B00840179 /* ShowImageViewController.swift in Sources */ = {isa = PBXBuildFile; fileRef = 91F3E2DE233B331B00840179 /* ShowImageViewController.swift */; };
		91F3E323233B331B00840179 /* OpalImagePickerConfiguration.swift in Sources */ = {isa = PBXBuildFile; fileRef = 91F3E2DF233B331B00840179 /* OpalImagePickerConfiguration.swift */; };
		91F3E324233B331B00840179 /* TOCropScrollView.m in Sources */ = {isa = PBXBuildFile; fileRef = 91F3E2E0233B331B00840179 /* TOCropScrollView.m */; };
		91F3E325233B331B00840179 /* TOCropViewController.m in Sources */ = {isa = PBXBuildFile; fileRef = 91F3E2E1233B331B00840179 /* TOCropViewController.m */; };
		91F3E326233B331B00840179 /* CameraViewController.swift in Sources */ = {isa = PBXBuildFile; fileRef = 91F3E2E2233B331B00840179 /* CameraViewController.swift */; };
		91F3E327233B331B00840179 /* CameraModel.swift in Sources */ = {isa = PBXBuildFile; fileRef = 91F3E2E3233B331B00840179 /* CameraModel.swift */; };
		91F3E328233B331B00840179 /* FileInfo.swift in Sources */ = {isa = PBXBuildFile; fileRef = 91F3E2E4233B331B00840179 /* FileInfo.swift */; };
		91F3E329233B331B00840179 /* IGalleryParam.swift in Sources */ = {isa = PBXBuildFile; fileRef = 91F3E2E5233B331B00840179 /* IGalleryParam.swift */; };
		91F3E32A233B331B00840179 /* GalleryType.swift in Sources */ = {isa = PBXBuildFile; fileRef = 91F3E2E6233B331B00840179 /* GalleryType.swift */; };
		91F3E32B233B331B00840179 /* UIView+Helper.swift in Sources */ = {isa = PBXBuildFile; fileRef = 91F3E2E7233B331B00840179 /* UIView+Helper.swift */; };
		91F3E32C233B331B00840179 /* TOCropView.m in Sources */ = {isa = PBXBuildFile; fileRef = 91F3E2E8233B331B00840179 /* TOCropView.m */; };
		91F3E32D233B331B00840179 /* MyImageCell.swift in Sources */ = {isa = PBXBuildFile; fileRef = 91F3E2E9233B331B00840179 /* MyImageCell.swift */; };
		91F3E32E233B331B00840179 /* ImagePickerCollectionViewCell.swift in Sources */ = {isa = PBXBuildFile; fileRef = 91F3E2EA233B331B00840179 /* ImagePickerCollectionViewCell.swift */; };
		91F3E32F233B331B00840179 /* TOActivityCroppedImageProvider.h in Headers */ = {isa = PBXBuildFile; fileRef = 91F3E2EB233B331B00840179 /* TOActivityCroppedImageProvider.h */; settings = {ATTRIBUTES = (Public, ); }; };
		91F3E330233B331B00840179 /* CameraOnlyViewController.swift in Sources */ = {isa = PBXBuildFile; fileRef = 91F3E2EC233B331B00840179 /* CameraOnlyViewController.swift */; };
		91F3E331233B331B00840179 /* TOCropOverlayView.m in Sources */ = {isa = PBXBuildFile; fileRef = 91F3E2ED233B331B00840179 /* TOCropOverlayView.m */; };
		91F3E332233B331B00840179 /* CameraOrientation.swift in Sources */ = {isa = PBXBuildFile; fileRef = 91F3E2EE233B331B00840179 /* CameraOrientation.swift */; };
		91F3E333233B331B00840179 /* UIViewController+OpalImagePicker.swift in Sources */ = {isa = PBXBuildFile; fileRef = 91F3E2EF233B331B00840179 /* UIViewController+OpalImagePicker.swift */; };
		91F3E334233B331B00840179 /* TOCropViewControllerTransitioning.h in Headers */ = {isa = PBXBuildFile; fileRef = 91F3E2F0233B331B00840179 /* TOCropViewControllerTransitioning.h */; settings = {ATTRIBUTES = (Public, ); }; };
		91F3E335233B331B00840179 /* OnImageCollectionListener.swift in Sources */ = {isa = PBXBuildFile; fileRef = 91F3E2F1233B331B00840179 /* OnImageCollectionListener.swift */; };
		91F3E336233B331B00840179 /* UIImage+CropRotate.h in Headers */ = {isa = PBXBuildFile; fileRef = 91F3E2F2233B331B00840179 /* UIImage+CropRotate.h */; settings = {ATTRIBUTES = (Public, ); }; };
		91F3E337233B331B00840179 /* TimeInterval+String.swift in Sources */ = {isa = PBXBuildFile; fileRef = 91F3E2F3233B331B00840179 /* TimeInterval+String.swift */; };
		91F3E338233B331B00840179 /* TOCropToolbar.m in Sources */ = {isa = PBXBuildFile; fileRef = 91F3E2F4233B331B00840179 /* TOCropToolbar.m */; };
		91F3E339233B331B00840179 /* NeoniosDemo.h in Headers */ = {isa = PBXBuildFile; fileRef = 91F3E2F5233B331B00840179 /* NeoniosDemo.h */; settings = {ATTRIBUTES = (Public, ); }; };
		91F3E33A233B331B00840179 /* LibraryMode.swift in Sources */ = {isa = PBXBuildFile; fileRef = 91F3E2F6233B331B00840179 /* LibraryMode.swift */; };
		91F3E33B233B331B00840179 /* OpalImagePickerCollectionViewLayout.swift in Sources */ = {isa = PBXBuildFile; fileRef = 91F3E2F7233B331B00840179 /* OpalImagePickerCollectionViewLayout.swift */; };
		91F3E33C233B331B00840179 /* CropViewController.swift in Sources */ = {isa = PBXBuildFile; fileRef = 91F3E2F8233B331B00840179 /* CropViewController.swift */; };
		91F3E33D233B331B00840179 /* OpenNeutralViewController.swift in Sources */ = {isa = PBXBuildFile; fileRef = 91F3E2F9233B331B00840179 /* OpenNeutralViewController.swift */; };
		91F3E33E233B331B00840179 /* CameraType.swift in Sources */ = {isa = PBXBuildFile; fileRef = 91F3E2FA233B331B00840179 /* CameraType.swift */; };
		91F3E33F233B331B00840179 /* TOCroppedImageAttributes.h in Headers */ = {isa = PBXBuildFile; fileRef = 91F3E2FB233B331B00840179 /* TOCroppedImageAttributes.h */; settings = {ATTRIBUTES = (Public, ); }; };
		91F3E340233B331B00840179 /* TOCropViewController.h in Headers */ = {isa = PBXBuildFile; fileRef = 91F3E2FC233B331B00840179 /* TOCropViewController.h */; settings = {ATTRIBUTES = (Public, ); }; };
		91F3E341233B331B00840179 /* GalleryModel.swift in Sources */ = {isa = PBXBuildFile; fileRef = 91F3E2FD233B331B00840179 /* GalleryModel.swift */; };
		91F3E342233B331B00840179 /* TOCropScrollView.h in Headers */ = {isa = PBXBuildFile; fileRef = 91F3E2FE233B331B00840179 /* TOCropScrollView.h */; settings = {ATTRIBUTES = (Public, ); }; };
		91F3E344233B335800840179 /* Main.storyboard in Resources */ = {isa = PBXBuildFile; fileRef = 91F3E343233B335800840179 /* Main.storyboard */; };
		91F3E363233B33C500840179 /* TOCropViewControllerLocalizable.strings in Resources */ = {isa = PBXBuildFile; fileRef = 91F3E346233B33C500840179 /* TOCropViewControllerLocalizable.strings */; };
		91F3E364233B33C500840179 /* Assets.xcassets in Resources */ = {isa = PBXBuildFile; fileRef = 91F3E350233B33C500840179 /* Assets.xcassets */; };
		91F3E365233B33C500840179 /* drop-down-arrow.png in Resources */ = {isa = PBXBuildFile; fileRef = 91F3E357233B33C500840179 /* drop-down-arrow.png */; };
/* End PBXBuildFile section */

/* Begin PBXFileReference section */
		913328FE233A375400774D2C /* NeoniosDemo.framework */ = {isa = PBXFileReference; explicitFileType = wrapper.framework; includeInIndex = 0; path = NeoniosDemo.framework; sourceTree = BUILT_PRODUCTS_DIR; };
		91332902233A375400774D2C /* Info.plist */ = {isa = PBXFileReference; lastKnownFileType = text.plist.xml; path = Info.plist; sourceTree = "<group>"; };
		91F3E2BB233B331B00840179 /* ImageTagModel.swift */ = {isa = PBXFileReference; fileEncoding = 4; lastKnownFileType = sourcecode.swift; path = ImageTagModel.swift; sourceTree = "<group>"; };
		91F3E2BC233B331B00840179 /* LivePhotoNextTagListener.swift */ = {isa = PBXFileReference; fileEncoding = 4; lastKnownFileType = sourcecode.swift; path = LivePhotoNextTagListener.swift; sourceTree = "<group>"; };
		91F3E2BD233B331B00840179 /* TOActivityCroppedImageProvider.m */ = {isa = PBXFileReference; fileEncoding = 4; lastKnownFileType = sourcecode.c.objc; path = TOActivityCroppedImageProvider.m; sourceTree = "<group>"; };
		91F3E2BE233B331B00840179 /* ViewController.swift */ = {isa = PBXFileReference; fileEncoding = 4; lastKnownFileType = sourcecode.swift; path = ViewController.swift; sourceTree = "<group>"; };
		91F3E2BF233B331B00840179 /* TOCropView.h */ = {isa = PBXFileReference; fileEncoding = 4; lastKnownFileType = sourcecode.c.h; path = TOCropView.h; sourceTree = "<group>"; };
		91F3E2C0233B331B00840179 /* Serializable.swift */ = {isa = PBXFileReference; fileEncoding = 4; lastKnownFileType = sourcecode.swift; path = Serializable.swift; sourceTree = "<group>"; };
		91F3E2C1233B331B00840179 /* PhotosModel.swift */ = {isa = PBXFileReference; fileEncoding = 4; lastKnownFileType = sourcecode.swift; path = PhotosModel.swift; sourceTree = "<group>"; };
		91F3E2C2233B331B00840179 /* SelectImageTagController.swift */ = {isa = PBXFileReference; fileEncoding = 4; lastKnownFileType = sourcecode.swift; path = SelectImageTagController.swift; sourceTree = "<group>"; };
		91F3E2C3233B331B00840179 /* SelectImgCameraCollectionViewCell.swift */ = {isa = PBXFileReference; fileEncoding = 4; lastKnownFileType = sourcecode.swift; path = SelectImgCameraCollectionViewCell.swift; sourceTree = "<group>"; };
		91F3E2C4233B331B00840179 /* CameraFacing.swift */ = {isa = PBXFileReference; fileEncoding = 4; lastKnownFileType = sourcecode.swift; path = CameraFacing.swift; sourceTree = "<group>"; };
		91F3E2C5233B331B00840179 /* GetLocation.swift */ = {isa = PBXFileReference; fileEncoding = 4; lastKnownFileType = sourcecode.swift; path = GetLocation.swift; sourceTree = "<group>"; };
		91F3E2C6233B331B00840179 /* Configure.swift */ = {isa = PBXFileReference; fileEncoding = 4; lastKnownFileType = sourcecode.swift; path = Configure.swift; sourceTree = "<group>"; };
		91F3E2C7233B331B00840179 /* LivePhotosListener.swift */ = {isa = PBXFileReference; fileEncoding = 4; lastKnownFileType = sourcecode.swift; path = LivePhotosListener.swift; sourceTree = "<group>"; };
		91F3E2C8233B331B00840179 /* FileInfoCollection.swift */ = {isa = PBXFileReference; fileEncoding = 4; lastKnownFileType = sourcecode.swift; path = FileInfoCollection.swift; sourceTree = "<group>"; };
		91F3E2C9233B331B00840179 /* NeonImagesHandler.swift */ = {isa = PBXFileReference; fileEncoding = 4; lastKnownFileType = sourcecode.swift; path = NeonImagesHandler.swift; sourceTree = "<group>"; };
		91F3E2CA233B331B00840179 /* UIImage+CropRotate.m */ = {isa = PBXFileReference; fileEncoding = 4; lastKnownFileType = sourcecode.c.objc; path = "UIImage+CropRotate.m"; sourceTree = "<group>"; };
		91F3E2CB233B331B00840179 /* TOCropViewConstants.h */ = {isa = PBXFileReference; fileEncoding = 4; lastKnownFileType = sourcecode.c.h; path = TOCropViewConstants.h; sourceTree = "<group>"; };
		91F3E2CC233B331B00840179 /* OpalImagePickerRootViewController.swift */ = {isa = PBXFileReference; fileEncoding = 4; lastKnownFileType = sourcecode.swift; path = OpalImagePickerRootViewController.swift; sourceTree = "<group>"; };
		91F3E2CD233B331B00840179 /* Bundle+Helper.swift */ = {isa = PBXFileReference; fileEncoding = 4; lastKnownFileType = sourcecode.swift; path = "Bundle+Helper.swift"; sourceTree = "<group>"; };
		91F3E2CE233B331B00840179 /* TOCropViewControllerTransitioning.m */ = {isa = PBXFileReference; fileEncoding = 4; lastKnownFileType = sourcecode.c.objc; path = TOCropViewControllerTransitioning.m; sourceTree = "<group>"; };
		91F3E2CF233B331B00840179 /* CropViewController.h */ = {isa = PBXFileReference; fileEncoding = 4; lastKnownFileType = sourcecode.c.h; path = CropViewController.h; sourceTree = "<group>"; };
		91F3E2D0233B331B00840179 /* NeonResponse.swift */ = {isa = PBXFileReference; fileEncoding = 4; lastKnownFileType = sourcecode.swift; path = NeonResponse.swift; sourceTree = "<group>"; };
		91F3E2D1233B331B00840179 /* IParam.swift */ = {isa = PBXFileReference; fileEncoding = 4; lastKnownFileType = sourcecode.swift; path = IParam.swift; sourceTree = "<group>"; };
		91F3E2D2233B331B00840179 /* INeutralParam.swift */ = {isa = PBXFileReference; fileEncoding = 4; lastKnownFileType = sourcecode.swift; path = INeutralParam.swift; sourceTree = "<group>"; };
		91F3E2D3233B331B00840179 /* TOCropOverlayView.h */ = {isa = PBXFileReference; fileEncoding = 4; lastKnownFileType = sourcecode.c.h; path = TOCropOverlayView.h; sourceTree = "<group>"; };
		91F3E2D4233B331B00840179 /* TOCroppedImageAttributes.m */ = {isa = PBXFileReference; fileEncoding = 4; lastKnownFileType = sourcecode.c.objc; path = TOCroppedImageAttributes.m; sourceTree = "<group>"; };
		91F3E2D5233B331B00840179 /* FlashMode.swift */ = {isa = PBXFileReference; fileEncoding = 4; lastKnownFileType = sourcecode.swift; path = FlashMode.swift; sourceTree = "<group>"; };
		91F3E2D6233B331B00840179 /* OpalImagePickerController.swift */ = {isa = PBXFileReference; fileEncoding = 4; lastKnownFileType = sourcecode.swift; path = OpalImagePickerController.swift; sourceTree = "<group>"; };
		91F3E2D7233B331B00840179 /* ICameraParam.swift */ = {isa = PBXFileReference; fileEncoding = 4; lastKnownFileType = sourcecode.swift; path = ICameraParam.swift; sourceTree = "<group>"; };
		91F3E2D8233B331B00840179 /* ResponseCode.swift */ = {isa = PBXFileReference; fileEncoding = 4; lastKnownFileType = sourcecode.swift; path = ResponseCode.swift; sourceTree = "<group>"; };
		91F3E2D9233B331B00840179 /* SaveImageInGallery.swift */ = {isa = PBXFileReference; fileEncoding = 4; lastKnownFileType = sourcecode.swift; path = SaveImageInGallery.swift; sourceTree = "<group>"; };
		91F3E2DA233B331B00840179 /* imgCollectionViewCell.swift */ = {isa = PBXFileReference; fileEncoding = 4; lastKnownFileType = sourcecode.swift; path = imgCollectionViewCell.swift; sourceTree = "<group>"; };
		91F3E2DB233B331B00840179 /* NeutralModel.swift */ = {isa = PBXFileReference; fileEncoding = 4; lastKnownFileType = sourcecode.swift; path = NeutralModel.swift; sourceTree = "<group>"; };
		91F3E2DC233B331B00840179 /* TOCropToolbar.h */ = {isa = PBXFileReference; fileEncoding = 4; lastKnownFileType = sourcecode.c.h; path = TOCropToolbar.h; sourceTree = "<group>"; };
		91F3E2DD233B331B00840179 /* CustomParameters.swift */ = {isa = PBXFileReference; fileEncoding = 4; lastKnownFileType = sourcecode.swift; path = CustomParameters.swift; sourceTree = "<group>"; };
		91F3E2DE233B331B00840179 /* ShowImageViewController.swift */ = {isa = PBXFileReference; fileEncoding = 4; lastKnownFileType = sourcecode.swift; path = ShowImageViewController.swift; sourceTree = "<group>"; };
		91F3E2DF233B331B00840179 /* OpalImagePickerConfiguration.swift */ = {isa = PBXFileReference; fileEncoding = 4; lastKnownFileType = sourcecode.swift; path = OpalImagePickerConfiguration.swift; sourceTree = "<group>"; };
		91F3E2E0233B331B00840179 /* TOCropScrollView.m */ = {isa = PBXFileReference; fileEncoding = 4; lastKnownFileType = sourcecode.c.objc; path = TOCropScrollView.m; sourceTree = "<group>"; };
		91F3E2E1233B331B00840179 /* TOCropViewController.m */ = {isa = PBXFileReference; fileEncoding = 4; lastKnownFileType = sourcecode.c.objc; path = TOCropViewController.m; sourceTree = "<group>"; };
		91F3E2E2233B331B00840179 /* CameraViewController.swift */ = {isa = PBXFileReference; fileEncoding = 4; lastKnownFileType = sourcecode.swift; path = CameraViewController.swift; sourceTree = "<group>"; };
		91F3E2E3233B331B00840179 /* CameraModel.swift */ = {isa = PBXFileReference; fileEncoding = 4; lastKnownFileType = sourcecode.swift; path = CameraModel.swift; sourceTree = "<group>"; };
		91F3E2E4233B331B00840179 /* FileInfo.swift */ = {isa = PBXFileReference; fileEncoding = 4; lastKnownFileType = sourcecode.swift; path = FileInfo.swift; sourceTree = "<group>"; };
		91F3E2E5233B331B00840179 /* IGalleryParam.swift */ = {isa = PBXFileReference; fileEncoding = 4; lastKnownFileType = sourcecode.swift; path = IGalleryParam.swift; sourceTree = "<group>"; };
		91F3E2E6233B331B00840179 /* GalleryType.swift */ = {isa = PBXFileReference; fileEncoding = 4; lastKnownFileType = sourcecode.swift; path = GalleryType.swift; sourceTree = "<group>"; };
		91F3E2E7233B331B00840179 /* UIView+Helper.swift */ = {isa = PBXFileReference; fileEncoding = 4; lastKnownFileType = sourcecode.swift; path = "UIView+Helper.swift"; sourceTree = "<group>"; };
		91F3E2E8233B331B00840179 /* TOCropView.m */ = {isa = PBXFileReference; fileEncoding = 4; lastKnownFileType = sourcecode.c.objc; path = TOCropView.m; sourceTree = "<group>"; };
		91F3E2E9233B331B00840179 /* MyImageCell.swift */ = {isa = PBXFileReference; fileEncoding = 4; lastKnownFileType = sourcecode.swift; path = MyImageCell.swift; sourceTree = "<group>"; };
		91F3E2EA233B331B00840179 /* ImagePickerCollectionViewCell.swift */ = {isa = PBXFileReference; fileEncoding = 4; lastKnownFileType = sourcecode.swift; path = ImagePickerCollectionViewCell.swift; sourceTree = "<group>"; };
		91F3E2EB233B331B00840179 /* TOActivityCroppedImageProvider.h */ = {isa = PBXFileReference; fileEncoding = 4; lastKnownFileType = sourcecode.c.h; path = TOActivityCroppedImageProvider.h; sourceTree = "<group>"; };
		91F3E2EC233B331B00840179 /* CameraOnlyViewController.swift */ = {isa = PBXFileReference; fileEncoding = 4; lastKnownFileType = sourcecode.swift; path = CameraOnlyViewController.swift; sourceTree = "<group>"; };
		91F3E2ED233B331B00840179 /* TOCropOverlayView.m */ = {isa = PBXFileReference; fileEncoding = 4; lastKnownFileType = sourcecode.c.objc; path = TOCropOverlayView.m; sourceTree = "<group>"; };
		91F3E2EE233B331B00840179 /* CameraOrientation.swift */ = {isa = PBXFileReference; fileEncoding = 4; lastKnownFileType = sourcecode.swift; path = CameraOrientation.swift; sourceTree = "<group>"; };
		91F3E2EF233B331B00840179 /* UIViewController+OpalImagePicker.swift */ = {isa = PBXFileReference; fileEncoding = 4; lastKnownFileType = sourcecode.swift; path = "UIViewController+OpalImagePicker.swift"; sourceTree = "<group>"; };
		91F3E2F0233B331B00840179 /* TOCropViewControllerTransitioning.h */ = {isa = PBXFileReference; fileEncoding = 4; lastKnownFileType = sourcecode.c.h; path = TOCropViewControllerTransitioning.h; sourceTree = "<group>"; };
		91F3E2F1233B331B00840179 /* OnImageCollectionListener.swift */ = {isa = PBXFileReference; fileEncoding = 4; lastKnownFileType = sourcecode.swift; path = OnImageCollectionListener.swift; sourceTree = "<group>"; };
		91F3E2F2233B331B00840179 /* UIImage+CropRotate.h */ = {isa = PBXFileReference; fileEncoding = 4; lastKnownFileType = sourcecode.c.h; path = "UIImage+CropRotate.h"; sourceTree = "<group>"; };
		91F3E2F3233B331B00840179 /* TimeInterval+String.swift */ = {isa = PBXFileReference; fileEncoding = 4; lastKnownFileType = sourcecode.swift; path = "TimeInterval+String.swift"; sourceTree = "<group>"; };
		91F3E2F4233B331B00840179 /* TOCropToolbar.m */ = {isa = PBXFileReference; fileEncoding = 4; lastKnownFileType = sourcecode.c.objc; path = TOCropToolbar.m; sourceTree = "<group>"; };
		91F3E2F5233B331B00840179 /* NeoniosDemo.h */ = {isa = PBXFileReference; fileEncoding = 4; lastKnownFileType = sourcecode.c.h; path = NeoniosDemo.h; sourceTree = "<group>"; };
		91F3E2F6233B331B00840179 /* LibraryMode.swift */ = {isa = PBXFileReference; fileEncoding = 4; lastKnownFileType = sourcecode.swift; path = LibraryMode.swift; sourceTree = "<group>"; };
		91F3E2F7233B331B00840179 /* OpalImagePickerCollectionViewLayout.swift */ = {isa = PBXFileReference; fileEncoding = 4; lastKnownFileType = sourcecode.swift; path = OpalImagePickerCollectionViewLayout.swift; sourceTree = "<group>"; };
		91F3E2F8233B331B00840179 /* CropViewController.swift */ = {isa = PBXFileReference; fileEncoding = 4; lastKnownFileType = sourcecode.swift; path = CropViewController.swift; sourceTree = "<group>"; };
		91F3E2F9233B331B00840179 /* OpenNeutralViewController.swift */ = {isa = PBXFileReference; fileEncoding = 4; lastKnownFileType = sourcecode.swift; path = OpenNeutralViewController.swift; sourceTree = "<group>"; };
		91F3E2FA233B331B00840179 /* CameraType.swift */ = {isa = PBXFileReference; fileEncoding = 4; lastKnownFileType = sourcecode.swift; path = CameraType.swift; sourceTree = "<group>"; };
		91F3E2FB233B331B00840179 /* TOCroppedImageAttributes.h */ = {isa = PBXFileReference; fileEncoding = 4; lastKnownFileType = sourcecode.c.h; path = TOCroppedImageAttributes.h; sourceTree = "<group>"; };
		91F3E2FC233B331B00840179 /* TOCropViewController.h */ = {isa = PBXFileReference; fileEncoding = 4; lastKnownFileType = sourcecode.c.h; path = TOCropViewController.h; sourceTree = "<group>"; };
		91F3E2FD233B331B00840179 /* GalleryModel.swift */ = {isa = PBXFileReference; fileEncoding = 4; lastKnownFileType = sourcecode.swift; path = GalleryModel.swift; sourceTree = "<group>"; };
		91F3E2FE233B331B00840179 /* TOCropScrollView.h */ = {isa = PBXFileReference; fileEncoding = 4; lastKnownFileType = sourcecode.c.h; path = TOCropScrollView.h; sourceTree = "<group>"; };
		91F3E343233B335800840179 /* Main.storyboard */ = {isa = PBXFileReference; fileEncoding = 4; lastKnownFileType = file.storyboard; path = Main.storyboard; sourceTree = "<group>"; };
		91F3E347233B33C500840179 /* de */ = {isa = PBXFileReference; lastKnownFileType = text.plist.strings; name = de; path = de.lproj/TOCropViewControllerLocalizable.strings; sourceTree = "<group>"; };
		91F3E348233B33C500840179 /* ar */ = {isa = PBXFileReference; lastKnownFileType = text.plist.strings; name = ar; path = ar.lproj/TOCropViewControllerLocalizable.strings; sourceTree = "<group>"; };
		91F3E349233B33C500840179 /* zh-Hans */ = {isa = PBXFileReference; lastKnownFileType = text.plist.strings; name = "zh-Hans"; path = "zh-Hans.lproj/TOCropViewControllerLocalizable.strings"; sourceTree = "<group>"; };
		91F3E34A233B33C500840179 /* ja */ = {isa = PBXFileReference; lastKnownFileType = text.plist.strings; name = ja; path = ja.lproj/TOCropViewControllerLocalizable.strings; sourceTree = "<group>"; };
		91F3E34B233B33C500840179 /* fa */ = {isa = PBXFileReference; lastKnownFileType = text.plist.strings; name = fa; path = fa.lproj/TOCropViewControllerLocalizable.strings; sourceTree = "<group>"; };
		91F3E34C233B33C500840179 /* en */ = {isa = PBXFileReference; lastKnownFileType = text.plist.strings; name = en; path = en.lproj/TOCropViewControllerLocalizable.strings; sourceTree = "<group>"; };
		91F3E34D233B33C500840179 /* es */ = {isa = PBXFileReference; lastKnownFileType = text.plist.strings; name = es; path = es.lproj/TOCropViewControllerLocalizable.strings; sourceTree = "<group>"; };
		91F3E34E233B33C500840179 /* it */ = {isa = PBXFileReference; lastKnownFileType = text.plist.strings; name = it; path = it.lproj/TOCropViewControllerLocalizable.strings; sourceTree = "<group>"; };
		91F3E34F233B33C500840179 /* ms */ = {isa = PBXFileReference; lastKnownFileType = text.plist.strings; name = ms; path = ms.lproj/TOCropViewControllerLocalizable.strings; sourceTree = "<group>"; };
		91F3E350233B33C500840179 /* Assets.xcassets */ = {isa = PBXFileReference; lastKnownFileType = folder.assetcatalog; path = Assets.xcassets; sourceTree = "<group>"; };
		91F3E351233B33C500840179 /* ko */ = {isa = PBXFileReference; lastKnownFileType = text.plist.strings; name = ko; path = ko.lproj/TOCropViewControllerLocalizable.strings; sourceTree = "<group>"; };
		91F3E352233B33C500840179 /* Base */ = {isa = PBXFileReference; lastKnownFileType = text.plist.strings; name = Base; path = Base.lproj/TOCropViewControllerLocalizable.strings; sourceTree = "<group>"; };
		91F3E353233B33C500840179 /* zh-Hant */ = {isa = PBXFileReference; lastKnownFileType = text.plist.strings; name = "zh-Hant"; path = "zh-Hant.lproj/TOCropViewControllerLocalizable.strings"; sourceTree = "<group>"; };
		91F3E354233B33C500840179 /* fa-IR */ = {isa = PBXFileReference; lastKnownFileType = text.plist.strings; name = "fa-IR"; path = "fa-IR.lproj/TOCropViewControllerLocalizable.strings"; sourceTree = "<group>"; };
		91F3E355233B33C500840179 /* hu */ = {isa = PBXFileReference; lastKnownFileType = text.plist.strings; name = hu; path = hu.lproj/TOCropViewControllerLocalizable.strings; sourceTree = "<group>"; };
		91F3E356233B33C500840179 /* da-DK */ = {isa = PBXFileReference; lastKnownFileType = text.plist.strings; name = "da-DK"; path = "da-DK.lproj/TOCropViewControllerLocalizable.strings"; sourceTree = "<group>"; };
		91F3E357233B33C500840179 /* drop-down-arrow.png */ = {isa = PBXFileReference; lastKnownFileType = image.png; path = "drop-down-arrow.png"; sourceTree = "<group>"; };
		91F3E358233B33C500840179 /* tr */ = {isa = PBXFileReference; lastKnownFileType = text.plist.strings; name = tr; path = tr.lproj/TOCropViewControllerLocalizable.strings; sourceTree = "<group>"; };
		91F3E359233B33C500840179 /* pl */ = {isa = PBXFileReference; lastKnownFileType = text.plist.strings; name = pl; path = pl.lproj/TOCropViewControllerLocalizable.strings; sourceTree = "<group>"; };
		91F3E35A233B33C500840179 /* vi */ = {isa = PBXFileReference; lastKnownFileType = text.plist.strings; name = vi; path = vi.lproj/TOCropViewControllerLocalizable.strings; sourceTree = "<group>"; };
		91F3E35B233B33C500840179 /* ru */ = {isa = PBXFileReference; lastKnownFileType = text.plist.strings; name = ru; path = ru.lproj/TOCropViewControllerLocalizable.strings; sourceTree = "<group>"; };
		91F3E35C233B33C500840179 /* fr */ = {isa = PBXFileReference; lastKnownFileType = text.plist.strings; name = fr; path = fr.lproj/TOCropViewControllerLocalizable.strings; sourceTree = "<group>"; };
		91F3E35D233B33C500840179 /* fi */ = {isa = PBXFileReference; lastKnownFileType = text.plist.strings; name = fi; path = fi.lproj/TOCropViewControllerLocalizable.strings; sourceTree = "<group>"; };
		91F3E35E233B33C500840179 /* id */ = {isa = PBXFileReference; lastKnownFileType = text.plist.strings; name = id; path = id.lproj/TOCropViewControllerLocalizable.strings; sourceTree = "<group>"; };
		91F3E35F233B33C500840179 /* nl */ = {isa = PBXFileReference; lastKnownFileType = text.plist.strings; name = nl; path = nl.lproj/TOCropViewControllerLocalizable.strings; sourceTree = "<group>"; };
		91F3E360233B33C500840179 /* pt */ = {isa = PBXFileReference; lastKnownFileType = text.plist.strings; name = pt; path = pt.lproj/TOCropViewControllerLocalizable.strings; sourceTree = "<group>"; };
		91F3E361233B33C500840179 /* ro */ = {isa = PBXFileReference; lastKnownFileType = text.plist.strings; name = ro; path = ro.lproj/TOCropViewControllerLocalizable.strings; sourceTree = "<group>"; };
/* End PBXFileReference section */

/* Begin PBXFrameworksBuildPhase section */
		913328FB233A375400774D2C /* Frameworks */ = {
			isa = PBXFrameworksBuildPhase;
			buildActionMask = 2147483647;
			files = (
			);
			runOnlyForDeploymentPostprocessing = 0;
		};
/* End PBXFrameworksBuildPhase section */

/* Begin PBXGroup section */
		913328F4233A375400774D2C = {
			isa = PBXGroup;
			children = (
				91F3E345233B33C500840179 /* Resources */,
				91F3E2BA233B331B00840179 /* Source */,
				91332900233A375400774D2C /* NeoniosDemo */,
				913328FF233A375400774D2C /* Products */,
			);
			sourceTree = "<group>";
			usesTabs = 0;
		};
		913328FF233A375400774D2C /* Products */ = {
			isa = PBXGroup;
			children = (
				913328FE233A375400774D2C /* NeoniosDemo.framework */,
			);
			name = Products;
			sourceTree = "<group>";
		};
		91332900233A375400774D2C /* NeoniosDemo */ = {
			isa = PBXGroup;
			children = (
				91F3E2F5233B331B00840179 /* NeoniosDemo.h */,
				91F3E343233B335800840179 /* Main.storyboard */,
				91332902233A375400774D2C /* Info.plist */,
			);
			path = NeoniosDemo;
			sourceTree = "<group>";
		};
		91F3E2BA233B331B00840179 /* Source */ = {
			isa = PBXGroup;
			children = (
				91F3E2BB233B331B00840179 /* ImageTagModel.swift */,
				91F3E2BC233B331B00840179 /* LivePhotoNextTagListener.swift */,
				91F3E2BD233B331B00840179 /* TOActivityCroppedImageProvider.m */,
				91F3E2BE233B331B00840179 /* ViewController.swift */,
				91F3E2BF233B331B00840179 /* TOCropView.h */,
				91F3E2C0233B331B00840179 /* Serializable.swift */,
				91F3E2C1233B331B00840179 /* PhotosModel.swift */,
				91F3E2C2233B331B00840179 /* SelectImageTagController.swift */,
				91F3E2C3233B331B00840179 /* SelectImgCameraCollectionViewCell.swift */,
				91F3E2C4233B331B00840179 /* CameraFacing.swift */,
				91F3E2C5233B331B00840179 /* GetLocation.swift */,
				91F3E2C6233B331B00840179 /* Configure.swift */,
				91F3E2C7233B331B00840179 /* LivePhotosListener.swift */,
				91F3E2C8233B331B00840179 /* FileInfoCollection.swift */,
				91F3E2C9233B331B00840179 /* NeonImagesHandler.swift */,
				91F3E2CA233B331B00840179 /* UIImage+CropRotate.m */,
				91F3E2CB233B331B00840179 /* TOCropViewConstants.h */,
				91F3E2CC233B331B00840179 /* OpalImagePickerRootViewController.swift */,
				91F3E2CD233B331B00840179 /* Bundle+Helper.swift */,
				91F3E2CE233B331B00840179 /* TOCropViewControllerTransitioning.m */,
				91F3E2CF233B331B00840179 /* CropViewController.h */,
				91F3E2D0233B331B00840179 /* NeonResponse.swift */,
				91F3E2D1233B331B00840179 /* IParam.swift */,
				91F3E2D2233B331B00840179 /* INeutralParam.swift */,
				91F3E2D3233B331B00840179 /* TOCropOverlayView.h */,
				91F3E2D4233B331B00840179 /* TOCroppedImageAttributes.m */,
				91F3E2D5233B331B00840179 /* FlashMode.swift */,
				91F3E2D6233B331B00840179 /* OpalImagePickerController.swift */,
				91F3E2D7233B331B00840179 /* ICameraParam.swift */,
				91F3E2D8233B331B00840179 /* ResponseCode.swift */,
				91F3E2D9233B331B00840179 /* SaveImageInGallery.swift */,
				91F3E2DA233B331B00840179 /* imgCollectionViewCell.swift */,
				91F3E2DB233B331B00840179 /* NeutralModel.swift */,
				91F3E2DC233B331B00840179 /* TOCropToolbar.h */,
				91F3E2DD233B331B00840179 /* CustomParameters.swift */,
				91F3E2DE233B331B00840179 /* ShowImageViewController.swift */,
				91F3E2DF233B331B00840179 /* OpalImagePickerConfiguration.swift */,
				91F3E2E0233B331B00840179 /* TOCropScrollView.m */,
				91F3E2E1233B331B00840179 /* TOCropViewController.m */,
				91F3E2E2233B331B00840179 /* CameraViewController.swift */,
				91F3E2E3233B331B00840179 /* CameraModel.swift */,
				91F3E2E4233B331B00840179 /* FileInfo.swift */,
				91F3E2E5233B331B00840179 /* IGalleryParam.swift */,
				91F3E2E6233B331B00840179 /* GalleryType.swift */,
				91F3E2E7233B331B00840179 /* UIView+Helper.swift */,
				91F3E2E8233B331B00840179 /* TOCropView.m */,
				91F3E2E9233B331B00840179 /* MyImageCell.swift */,
				91F3E2EA233B331B00840179 /* ImagePickerCollectionViewCell.swift */,
				91F3E2EB233B331B00840179 /* TOActivityCroppedImageProvider.h */,
				91F3E2EC233B331B00840179 /* CameraOnlyViewController.swift */,
				91F3E2ED233B331B00840179 /* TOCropOverlayView.m */,
				91F3E2EE233B331B00840179 /* CameraOrientation.swift */,
				91F3E2EF233B331B00840179 /* UIViewController+OpalImagePicker.swift */,
				91F3E2F0233B331B00840179 /* TOCropViewControllerTransitioning.h */,
				91F3E2F1233B331B00840179 /* OnImageCollectionListener.swift */,
				91F3E2F2233B331B00840179 /* UIImage+CropRotate.h */,
				91F3E2F3233B331B00840179 /* TimeInterval+String.swift */,
				91F3E2F4233B331B00840179 /* TOCropToolbar.m */,
				91F3E2F6233B331B00840179 /* LibraryMode.swift */,
				91F3E2F7233B331B00840179 /* OpalImagePickerCollectionViewLayout.swift */,
				91F3E2F8233B331B00840179 /* CropViewController.swift */,
				91F3E2F9233B331B00840179 /* OpenNeutralViewController.swift */,
				91F3E2FA233B331B00840179 /* CameraType.swift */,
				91F3E2FB233B331B00840179 /* TOCroppedImageAttributes.h */,
				91F3E2FC233B331B00840179 /* TOCropViewController.h */,
				91F3E2FD233B331B00840179 /* GalleryModel.swift */,
				91F3E2FE233B331B00840179 /* TOCropScrollView.h */,
			);
			name = Source;
			path = NeoniosDemo/Source;
			sourceTree = "<group>";
		};
		91F3E345233B33C500840179 /* Resources */ = {
			isa = PBXGroup;
			children = (
				91F3E346233B33C500840179 /* TOCropViewControllerLocalizable.strings */,
				91F3E350233B33C500840179 /* Assets.xcassets */,
				91F3E357233B33C500840179 /* drop-down-arrow.png */,
			);
			name = Resources;
			path = NeoniosDemo/Resources;
			sourceTree = "<group>";
		};
/* End PBXGroup section */

/* Begin PBXHeadersBuildPhase section */
		913328F9233A375400774D2C /* Headers */ = {
			isa = PBXHeadersBuildPhase;
			buildActionMask = 2147483647;
			files = (
				91F3E33F233B331B00840179 /* TOCroppedImageAttributes.h in Headers */,
				91F3E342233B331B00840179 /* TOCropScrollView.h in Headers */,
				91F3E32F233B331B00840179 /* TOActivityCroppedImageProvider.h in Headers */,
				91F3E340233B331B00840179 /* TOCropViewController.h in Headers */,
				91F3E334233B331B00840179 /* TOCropViewControllerTransitioning.h in Headers */,
				91F3E336233B331B00840179 /* UIImage+CropRotate.h in Headers */,
				91F3E339233B331B00840179 /* NeoniosDemo.h in Headers */,
				91F3E320233B331B00840179 /* TOCropToolbar.h in Headers */,
				91F3E303233B331B00840179 /* TOCropView.h in Headers */,
				91F3E313233B331B00840179 /* CropViewController.h in Headers */,
				91F3E317233B331B00840179 /* TOCropOverlayView.h in Headers */,
				91F3E30F233B331B00840179 /* TOCropViewConstants.h in Headers */,
			);
			runOnlyForDeploymentPostprocessing = 0;
		};
/* End PBXHeadersBuildPhase section */

/* Begin PBXNativeTarget section */
		913328FD233A375400774D2C /* NeoniosDemo */ = {
			isa = PBXNativeTarget;
			buildConfigurationList = 91332912233A375400774D2C /* Build configuration list for PBXNativeTarget "NeoniosDemo" */;
			buildPhases = (
				913328F9233A375400774D2C /* Headers */,
				913328FA233A375400774D2C /* Sources */,
				913328FB233A375400774D2C /* Frameworks */,
				913328FC233A375400774D2C /* Resources */,
			);
			buildRules = (
			);
			dependencies = (
			);
			name = NeoniosDemo;
			productName = NeoniosDemo;
			productReference = 913328FE233A375400774D2C /* NeoniosDemo.framework */;
			productType = "com.apple.product-type.framework";
		};
/* End PBXNativeTarget section */

/* Begin PBXProject section */
		913328F5233A375400774D2C /* Project object */ = {
			isa = PBXProject;
			attributes = {
				LastSwiftUpdateCheck = 1030;
				LastUpgradeCheck = 1030;
				ORGANIZATIONNAME = Neha;
				TargetAttributes = {
					913328FD233A375400774D2C = {
						CreatedOnToolsVersion = 10.3;
					};
				};
			};
			buildConfigurationList = 913328F8233A375400774D2C /* Build configuration list for PBXProject "NeoniosDemo" */;
			compatibilityVersion = "Xcode 9.3";
			developmentRegion = en;
			hasScannedForEncodings = 0;
			knownRegions = (
				en,
				Base,
				de,
				ar,
				"zh-Hans",
				ja,
				fa,
				es,
				it,
				ms,
				ko,
				"zh-Hant",
				"fa-IR",
				hu,
				"da-DK",
				tr,
				pl,
				vi,
				ru,
				fr,
				fi,
				id,
				nl,
				pt,
				ro,
			);
			mainGroup = 913328F4233A375400774D2C;
			productRefGroup = 913328FF233A375400774D2C /* Products */;
			projectDirPath = "";
			projectRoot = "";
			targets = (
				913328FD233A375400774D2C /* NeoniosDemo */,
			);
		};
/* End PBXProject section */

/* Begin PBXResourcesBuildPhase section */
		913328FC233A375400774D2C /* Resources */ = {
			isa = PBXResourcesBuildPhase;
			buildActionMask = 2147483647;
			files = (
				91F3E365233B33C500840179 /* drop-down-arrow.png in Resources */,
				91F3E344233B335800840179 /* Main.storyboard in Resources */,
				91F3E364233B33C500840179 /* Assets.xcassets in Resources */,
				91F3E363233B33C500840179 /* TOCropViewControllerLocalizable.strings in Resources */,
			);
			runOnlyForDeploymentPostprocessing = 0;
		};
/* End PBXResourcesBuildPhase section */

/* Begin PBXSourcesBuildPhase section */
		913328FA233A375400774D2C /* Sources */ = {
			isa = PBXSourcesBuildPhase;
			buildActionMask = 2147483647;
			files = (
				91F3E310233B331B00840179 /* OpalImagePickerRootViewController.swift in Sources */,
				91F3E326233B331B00840179 /* CameraViewController.swift in Sources */,
				91F3E319233B331B00840179 /* FlashMode.swift in Sources */,
				91F3E311233B331B00840179 /* Bundle+Helper.swift in Sources */,
				91F3E33A233B331B00840179 /* LibraryMode.swift in Sources */,
				91F3E337233B331B00840179 /* TimeInterval+String.swift in Sources */,
				91F3E328233B331B00840179 /* FileInfo.swift in Sources */,
				91F3E30E233B331B00840179 /* UIImage+CropRotate.m in Sources */,
				91F3E338233B331B00840179 /* TOCropToolbar.m in Sources */,
				91F3E315233B331B00840179 /* IParam.swift in Sources */,
				91F3E31C233B331B00840179 /* ResponseCode.swift in Sources */,
				91F3E331233B331B00840179 /* TOCropOverlayView.m in Sources */,
				91F3E2FF233B331B00840179 /* ImageTagModel.swift in Sources */,
				91F3E318233B331B00840179 /* TOCroppedImageAttributes.m in Sources */,
				91F3E335233B331B00840179 /* OnImageCollectionListener.swift in Sources */,
				91F3E31A233B331B00840179 /* OpalImagePickerController.swift in Sources */,
				91F3E30C233B331B00840179 /* FileInfoCollection.swift in Sources */,
				91F3E31B233B331B00840179 /* ICameraParam.swift in Sources */,
				91F3E33D233B331B00840179 /* OpenNeutralViewController.swift in Sources */,
				91F3E32D233B331B00840179 /* MyImageCell.swift in Sources */,
				91F3E31F233B331B00840179 /* NeutralModel.swift in Sources */,
				91F3E304233B331B00840179 /* Serializable.swift in Sources */,
				91F3E325233B331B00840179 /* TOCropViewController.m in Sources */,
				91F3E300233B331B00840179 /* LivePhotoNextTagListener.swift in Sources */,
				91F3E33E233B331B00840179 /* CameraType.swift in Sources */,
				91F3E327233B331B00840179 /* CameraModel.swift in Sources */,
				91F3E321233B331B00840179 /* CustomParameters.swift in Sources */,
				91F3E322233B331B00840179 /* ShowImageViewController.swift in Sources */,
				91F3E32A233B331B00840179 /* GalleryType.swift in Sources */,
				91F3E302233B331B00840179 /* ViewController.swift in Sources */,
				91F3E324233B331B00840179 /* TOCropScrollView.m in Sources */,
				91F3E301233B331B00840179 /* TOActivityCroppedImageProvider.m in Sources */,
				91F3E31E233B331B00840179 /* imgCollectionViewCell.swift in Sources */,
				91F3E30D233B331B00840179 /* NeonImagesHandler.swift in Sources */,
				91F3E32C233B331B00840179 /* TOCropView.m in Sources */,
				91F3E316233B331B00840179 /* INeutralParam.swift in Sources */,
				91F3E323233B331B00840179 /* OpalImagePickerConfiguration.swift in Sources */,
				91F3E30A233B331B00840179 /* Configure.swift in Sources */,
				91F3E31D233B331B00840179 /* SaveImageInGallery.swift in Sources */,
				91F3E33C233B331B00840179 /* CropViewController.swift in Sources */,
				91F3E314233B331B00840179 /* NeonResponse.swift in Sources */,
				91F3E330233B331B00840179 /* CameraOnlyViewController.swift in Sources */,
				91F3E332233B331B00840179 /* CameraOrientation.swift in Sources */,
				91F3E33B233B331B00840179 /* OpalImagePickerCollectionViewLayout.swift in Sources */,
				91F3E307233B331B00840179 /* SelectImgCameraCollectionViewCell.swift in Sources */,
				91F3E305233B331B00840179 /* PhotosModel.swift in Sources */,
				91F3E341233B331B00840179 /* GalleryModel.swift in Sources */,
				91F3E32B233B331B00840179 /* UIView+Helper.swift in Sources */,
				91F3E333233B331B00840179 /* UIViewController+OpalImagePicker.swift in Sources */,
				91F3E312233B331B00840179 /* TOCropViewControllerTransitioning.m in Sources */,
				91F3E32E233B331B00840179 /* ImagePickerCollectionViewCell.swift in Sources */,
				91F3E308233B331B00840179 /* CameraFacing.swift in Sources */,
				91F3E30B233B331B00840179 /* LivePhotosListener.swift in Sources */,
				91F3E329233B331B00840179 /* IGalleryParam.swift in Sources */,
				91F3E309233B331B00840179 /* GetLocation.swift in Sources */,
				91F3E306233B331B00840179 /* SelectImageTagController.swift in Sources */,
			);
			runOnlyForDeploymentPostprocessing = 0;
		};
/* End PBXSourcesBuildPhase section */

/* Begin PBXVariantGroup section */
		91F3E346233B33C500840179 /* TOCropViewControllerLocalizable.strings */ = {
			isa = PBXVariantGroup;
			children = (
				91F3E347233B33C500840179 /* de */,
				91F3E348233B33C500840179 /* ar */,
				91F3E349233B33C500840179 /* zh-Hans */,
				91F3E34A233B33C500840179 /* ja */,
				91F3E34B233B33C500840179 /* fa */,
				91F3E34C233B33C500840179 /* en */,
				91F3E34D233B33C500840179 /* es */,
				91F3E34E233B33C500840179 /* it */,
				91F3E34F233B33C500840179 /* ms */,
				91F3E351233B33C500840179 /* ko */,
				91F3E352233B33C500840179 /* Base */,
				91F3E353233B33C500840179 /* zh-Hant */,
				91F3E354233B33C500840179 /* fa-IR */,
				91F3E355233B33C500840179 /* hu */,
				91F3E356233B33C500840179 /* da-DK */,
				91F3E358233B33C500840179 /* tr */,
				91F3E359233B33C500840179 /* pl */,
				91F3E35A233B33C500840179 /* vi */,
				91F3E35B233B33C500840179 /* ru */,
				91F3E35C233B33C500840179 /* fr */,
				91F3E35D233B33C500840179 /* fi */,
				91F3E35E233B33C500840179 /* id */,
				91F3E35F233B33C500840179 /* nl */,
				91F3E360233B33C500840179 /* pt */,
				91F3E361233B33C500840179 /* ro */,
			);
			name = TOCropViewControllerLocalizable.strings;
			sourceTree = "<group>";
		};
/* End PBXVariantGroup section */

/* Begin XCBuildConfiguration section */
		91332910233A375400774D2C /* Debug */ = {
			isa = XCBuildConfiguration;
			buildSettings = {
				ALWAYS_SEARCH_USER_PATHS = NO;
				CLANG_ALLOW_NON_MODULAR_INCLUDES_IN_FRAMEWORK_MODULES = YES;
				CLANG_ANALYZER_NONNULL = YES;
				CLANG_ANALYZER_NUMBER_OBJECT_CONVERSION = YES_AGGRESSIVE;
				CLANG_CXX_LANGUAGE_STANDARD = "gnu++14";
				CLANG_CXX_LIBRARY = "libc++";
				CLANG_ENABLE_MODULES = YES;
				CLANG_ENABLE_OBJC_ARC = YES;
				CLANG_ENABLE_OBJC_WEAK = YES;
				CLANG_WARN_BLOCK_CAPTURE_AUTORELEASING = YES;
				CLANG_WARN_BOOL_CONVERSION = YES;
				CLANG_WARN_COMMA = YES;
				CLANG_WARN_CONSTANT_CONVERSION = YES;
				CLANG_WARN_DEPRECATED_OBJC_IMPLEMENTATIONS = YES;
				CLANG_WARN_DIRECT_OBJC_ISA_USAGE = YES_ERROR;
				CLANG_WARN_DOCUMENTATION_COMMENTS = YES;
				CLANG_WARN_EMPTY_BODY = YES;
				CLANG_WARN_ENUM_CONVERSION = YES;
				CLANG_WARN_INFINITE_RECURSION = YES;
				CLANG_WARN_INT_CONVERSION = YES;
				CLANG_WARN_NON_LITERAL_NULL_CONVERSION = YES;
				CLANG_WARN_OBJC_IMPLICIT_RETAIN_SELF = YES;
				CLANG_WARN_OBJC_LITERAL_CONVERSION = YES;
				CLANG_WARN_OBJC_ROOT_CLASS = YES_ERROR;
				CLANG_WARN_RANGE_LOOP_ANALYSIS = YES;
				CLANG_WARN_STRICT_PROTOTYPES = YES;
				CLANG_WARN_SUSPICIOUS_MOVE = YES;
				CLANG_WARN_UNGUARDED_AVAILABILITY = YES_AGGRESSIVE;
				CLANG_WARN_UNREACHABLE_CODE = YES;
				CLANG_WARN__DUPLICATE_METHOD_MATCH = YES;
				CODE_SIGN_IDENTITY = "iPhone Developer";
				COPY_PHASE_STRIP = NO;
				CURRENT_PROJECT_VERSION = 1;
				DEBUG_INFORMATION_FORMAT = dwarf;
				ENABLE_STRICT_OBJC_MSGSEND = YES;
				ENABLE_TESTABILITY = YES;
				GCC_C_LANGUAGE_STANDARD = gnu11;
				GCC_DYNAMIC_NO_PIC = NO;
				GCC_NO_COMMON_BLOCKS = YES;
				GCC_OPTIMIZATION_LEVEL = 0;
				GCC_PREPROCESSOR_DEFINITIONS = (
					"DEBUG=1",
					"$(inherited)",
				);
				GCC_WARN_64_TO_32_BIT_CONVERSION = YES;
				GCC_WARN_ABOUT_RETURN_TYPE = YES_ERROR;
				GCC_WARN_UNDECLARED_SELECTOR = YES;
				GCC_WARN_UNINITIALIZED_AUTOS = YES_AGGRESSIVE;
				GCC_WARN_UNUSED_FUNCTION = YES;
				GCC_WARN_UNUSED_VARIABLE = YES;
				IPHONEOS_DEPLOYMENT_TARGET = 12.4;
				MTL_ENABLE_DEBUG_INFO = INCLUDE_SOURCE;
				MTL_FAST_MATH = YES;
				ONLY_ACTIVE_ARCH = YES;
				SDKROOT = iphoneos;
				SWIFT_ACTIVE_COMPILATION_CONDITIONS = DEBUG;
				SWIFT_OBJC_BRIDGING_HEADER = "";
				SWIFT_OPTIMIZATION_LEVEL = "-Onone";
				SWIFT_PRECOMPILE_BRIDGING_HEADER = YES;
				VERSIONING_SYSTEM = "apple-generic";
				VERSION_INFO_PREFIX = "";
			};
			name = Debug;
		};
		91332911233A375400774D2C /* Release */ = {
			isa = XCBuildConfiguration;
			buildSettings = {
				ALWAYS_SEARCH_USER_PATHS = NO;
				CLANG_ALLOW_NON_MODULAR_INCLUDES_IN_FRAMEWORK_MODULES = YES;
				CLANG_ANALYZER_NONNULL = YES;
				CLANG_ANALYZER_NUMBER_OBJECT_CONVERSION = YES_AGGRESSIVE;
				CLANG_CXX_LANGUAGE_STANDARD = "gnu++14";
				CLANG_CXX_LIBRARY = "libc++";
				CLANG_ENABLE_MODULES = YES;
				CLANG_ENABLE_OBJC_ARC = YES;
				CLANG_ENABLE_OBJC_WEAK = YES;
				CLANG_WARN_BLOCK_CAPTURE_AUTORELEASING = YES;
				CLANG_WARN_BOOL_CONVERSION = YES;
				CLANG_WARN_COMMA = YES;
				CLANG_WARN_CONSTANT_CONVERSION = YES;
				CLANG_WARN_DEPRECATED_OBJC_IMPLEMENTATIONS = YES;
				CLANG_WARN_DIRECT_OBJC_ISA_USAGE = YES_ERROR;
				CLANG_WARN_DOCUMENTATION_COMMENTS = YES;
				CLANG_WARN_EMPTY_BODY = YES;
				CLANG_WARN_ENUM_CONVERSION = YES;
				CLANG_WARN_INFINITE_RECURSION = YES;
				CLANG_WARN_INT_CONVERSION = YES;
				CLANG_WARN_NON_LITERAL_NULL_CONVERSION = YES;
				CLANG_WARN_OBJC_IMPLICIT_RETAIN_SELF = YES;
				CLANG_WARN_OBJC_LITERAL_CONVERSION = YES;
				CLANG_WARN_OBJC_ROOT_CLASS = YES_ERROR;
				CLANG_WARN_RANGE_LOOP_ANALYSIS = YES;
				CLANG_WARN_STRICT_PROTOTYPES = YES;
				CLANG_WARN_SUSPICIOUS_MOVE = YES;
				CLANG_WARN_UNGUARDED_AVAILABILITY = YES_AGGRESSIVE;
				CLANG_WARN_UNREACHABLE_CODE = YES;
				CLANG_WARN__DUPLICATE_METHOD_MATCH = YES;
				CODE_SIGN_IDENTITY = "iPhone Developer";
				COPY_PHASE_STRIP = NO;
				CURRENT_PROJECT_VERSION = 1;
				DEBUG_INFORMATION_FORMAT = "dwarf-with-dsym";
				ENABLE_NS_ASSERTIONS = NO;
				ENABLE_STRICT_OBJC_MSGSEND = YES;
				GCC_C_LANGUAGE_STANDARD = gnu11;
				GCC_NO_COMMON_BLOCKS = YES;
				GCC_WARN_64_TO_32_BIT_CONVERSION = YES;
				GCC_WARN_ABOUT_RETURN_TYPE = YES_ERROR;
				GCC_WARN_UNDECLARED_SELECTOR = YES;
				GCC_WARN_UNINITIALIZED_AUTOS = YES_AGGRESSIVE;
				GCC_WARN_UNUSED_FUNCTION = YES;
				GCC_WARN_UNUSED_VARIABLE = YES;
				IPHONEOS_DEPLOYMENT_TARGET = 12.4;
				MTL_ENABLE_DEBUG_INFO = NO;
				MTL_FAST_MATH = YES;
				SDKROOT = iphoneos;
				SWIFT_COMPILATION_MODE = wholemodule;
				SWIFT_OBJC_BRIDGING_HEADER = "";
				SWIFT_OPTIMIZATION_LEVEL = "-O";
				SWIFT_PRECOMPILE_BRIDGING_HEADER = YES;
				VALIDATE_PRODUCT = YES;
				VERSIONING_SYSTEM = "apple-generic";
				VERSION_INFO_PREFIX = "";
			};
			name = Release;
		};
		91332913233A375400774D2C /* Debug */ = {
			isa = XCBuildConfiguration;
			buildSettings = {
				ALWAYS_SEARCH_USER_PATHS = YES;
				CLANG_ALLOW_NON_MODULAR_INCLUDES_IN_FRAMEWORK_MODULES = YES;
				CODE_SIGN_IDENTITY = "";
				CODE_SIGN_STYLE = Manual;
				DEFINES_MODULE = YES;
				DEVELOPMENT_TEAM = "";
				DYLIB_COMPATIBILITY_VERSION = 1;
				DYLIB_CURRENT_VERSION = 1;
				DYLIB_INSTALL_NAME_BASE = "@rpath";
				INFOPLIST_FILE = NeoniosDemo/Info.plist;
				INSTALL_PATH = "$(LOCAL_LIBRARY_DIR)/Frameworks";
				IPHONEOS_DEPLOYMENT_TARGET = 12.0;
				LD_RUNPATH_SEARCH_PATHS = (
					"$(inherited)",
					"@executable_path/Frameworks",
					"@loader_path/Frameworks",
				);
				PRODUCT_BUNDLE_IDENTIFIER = com.gaadi.NeoniosDemo;
				PRODUCT_NAME = "$(TARGET_NAME:c99extidentifier)";
				PROVISIONING_PROFILE_SPECIFIER = "";
				SKIP_INSTALL = YES;
				SWIFT_INSTALL_OBJC_HEADER = YES;
				SWIFT_OBJC_BRIDGING_HEADER = "";
				SWIFT_OBJC_INTERFACE_HEADER_NAME = "NeoniosDemo-swift.h";
				SWIFT_PRECOMPILE_BRIDGING_HEADER = NO;
				SWIFT_VERSION = 5.0;
				TARGETED_DEVICE_FAMILY = "1,2";
				USER_HEADER_SEARCH_PATHS = (
					"${PODS_ROOT}",
					/,
				);
			};
			name = Debug;
		};
		91332914233A375400774D2C /* Release */ = {
			isa = XCBuildConfiguration;
			buildSettings = {
				ALWAYS_SEARCH_USER_PATHS = YES;
				CLANG_ALLOW_NON_MODULAR_INCLUDES_IN_FRAMEWORK_MODULES = YES;
				CODE_SIGN_IDENTITY = "";
				CODE_SIGN_STYLE = Manual;
				DEFINES_MODULE = YES;
				DEVELOPMENT_TEAM = "";
				DYLIB_COMPATIBILITY_VERSION = 1;
				DYLIB_CURRENT_VERSION = 1;
				DYLIB_INSTALL_NAME_BASE = "@rpath";
				INFOPLIST_FILE = NeoniosDemo/Info.plist;
				INSTALL_PATH = "$(LOCAL_LIBRARY_DIR)/Frameworks";
				IPHONEOS_DEPLOYMENT_TARGET = 12.0;
				LD_RUNPATH_SEARCH_PATHS = (
					"$(inherited)",
					"@executable_path/Frameworks",
					"@loader_path/Frameworks",
				);
				PRODUCT_BUNDLE_IDENTIFIER = com.gaadi.NeoniosDemo;
				PRODUCT_NAME = "$(TARGET_NAME:c99extidentifier)";
				PROVISIONING_PROFILE_SPECIFIER = "";
				SKIP_INSTALL = YES;
				SWIFT_INSTALL_OBJC_HEADER = YES;
				SWIFT_OBJC_BRIDGING_HEADER = "";
				SWIFT_OBJC_INTERFACE_HEADER_NAME = "NeoniosDemo-swift.h";
				SWIFT_PRECOMPILE_BRIDGING_HEADER = NO;
				SWIFT_VERSION = 5.0;
				TARGETED_DEVICE_FAMILY = "1,2";
				USER_HEADER_SEARCH_PATHS = (
					"${PODS_ROOT}",
					/,
				);
			};
			name = Release;
		};
/* End XCBuildConfiguration section */

/* Begin XCConfigurationList section */
		913328F8233A375400774D2C /* Build configuration list for PBXProject "NeoniosDemo" */ = {
			isa = XCConfigurationList;
			buildConfigurations = (
				91332910233A375400774D2C /* Debug */,
				91332911233A375400774D2C /* Release */,
			);
			defaultConfigurationIsVisible = 0;
			defaultConfigurationName = Release;
		};
		91332912233A375400774D2C /* Build configuration list for PBXNativeTarget "NeoniosDemo" */ = {
			isa = XCConfigurationList;
			buildConfigurations = (
				91332913233A375400774D2C /* Debug */,
				91332914233A375400774D2C /* Release */,
			);
			defaultConfigurationIsVisible = 0;
			defaultConfigurationName = Release;
		};
/* End XCConfigurationList section */
	};
	rootObject = 913328F5233A375400774D2C /* Project object */;
}
